
Microsoft Visual Studio Solution File, Format Version 12.00
# Visual Studio Version 17
VisualStudioVersion = 17.12.35527.113 d17.12
MinimumVisualStudioVersion = 10.0.40219.1
Project("{FAE04EC0-301F-11D3-BF4B-00C04F79EFBC}") = "ccd_test", "ccd_test\ccd_test.csproj", "{60522725-EA94-44A4-84BA-E72FF3D13228}"
EndProject
Project("{FAE04EC0-301F-11D3-BF4B-00C04F79EFBC}") = "WIZnetCOM", "WIZnetCOM\WIZnetCOM.csproj", "{AD280CDA-F2FF-4155-B959-70057E95AD36}"
EndProject
Global
	GlobalSection(SolutionConfigurationPlatforms) = preSolution
		Debug|Any CPU = Debug|Any CPU
		Release|Any CPU = Release|Any CPU
	EndGlobalSection
	GlobalSection(ProjectConfigurationPlatforms) = postSolution
		{60522725-EA94-44A4-84BA-E72FF3D13228}.Debug|Any CPU.ActiveCfg = Debug|Any CPU
		{60522725-EA94-44A4-84BA-E72FF3D13228}.Debug|Any CPU.Build.0 = Debug|Any CPU
		{60522725-EA94-44A4-84BA-E72FF3D13228}.Release|Any CPU.ActiveCfg = Release|Any CPU
		{60522725-EA94-44A4-84BA-E72FF3D13228}.Release|Any CPU.Build.0 = Release|Any CPU
		{AD280CDA-F2FF-4155-B959-70057E95AD36}.Debug|Any CPU.ActiveCfg = Debug|Any CPU
		{AD280CDA-F2FF-4155-B959-70057E95AD36}.Debug|Any CPU.Build.0 = Debug|Any CPU
		{AD280CDA-F2FF-4155-B959-70057E95AD36}.Release|Any CPU.ActiveCfg = Release|Any CPU
		{AD280CDA-F2FF-4155-B959-70057E95AD36}.Release|Any CPU.Build.0 = Release|Any CPU
	EndGlobalSection
	GlobalSection(SolutionProperties) = preSolution
		HideSolutionNode = FALSE
	EndGlobalSection
EndGlobal
